{
  "name": "prepros-project",
  "version": "1.0.0",
  "lockfileVersion": 1,
  "requires": true,
  "dependencies": {
    "aggregate-error": {
      "version": "4.0.1",
      "resolved": "https://registry.npmjs.org/aggregate-error/-/aggregate-error-4.0.1.tgz",
      "integrity": "sha512-0poP0T7el6Vq3rstR8Mn4V/IQrpBLO6POkUSrN7RhyY+GF/InCFShQzsQ39T25gkHhLgSLByyAz+Kjb+c2L98w==",
      "requires": {
        "clean-stack": "^4.0.0",
        "indent-string": "^5.0.0"
      }
    },
    "arguments": {
      "version": "1.0.0",
      "resolved": "https://registry.npmjs.org/arguments/-/arguments-1.0.0.tgz",
      "integrity": "sha512-s/NffZ+ndyr/6INS2rnHWo+7n6ymWcMkt/DXr7e1PSlzWFzU+A1ovn29/cnnMpO9nzaLZq3qxLtSXrfxK/78yw=="
    },
    "clean-stack": {
      "version": "4.2.0",
      "resolved": "https://registry.npmjs.org/clean-stack/-/clean-stack-4.2.0.tgz",
      "integrity": "sha512-LYv6XPxoyODi36Dp976riBtSY27VmFo+MKqEU9QCCWyTrdEPDog+RWA7xQWHi6Vbp61j5c4cdzzX1NidnwtUWg==",
      "requires": {
        "escape-string-regexp": "5.0.0"
      }
    },
    "combine": {
      "version": "0.1.4",
      "resolved": "https://registry.npmjs.org/combine/-/combine-0.1.4.tgz",
      "integrity": "sha512-vfm3Buhk9s9MI73koocag5MlSdvzUoBFfL/cKphLoRl9BdS0uZYTIHUziSqVi+++cGg4tZpFQX7nzLfbV+KHEg==",
      "requires": {
        "arguments": ">=1.0.0"
      }
    },
    "compile": {
      "version": "0.0.2",
      "resolved": "https://registry.npmjs.org/compile/-/compile-0.0.2.tgz",
      "integrity": "sha512-q5Ql5vqorGj+Z5RIH4hhjbjTYu9ToomfRjPWjEybJ3eT8dE6cnnmkrxZvsEMiMS55Y9pxRP9AVHUhQyen1A7Yg=="
    },
    "css-class-combiner": {
      "version": "1.0.4",
      "resolved": "https://registry.npmjs.org/css-class-combiner/-/css-class-combiner-1.0.4.tgz",
      "integrity": "sha512-9QMcC9wSjmOZbxMFecubuY4VHWq0ZFb2rqY1AndA5GaY4WrbVILHvvvvDtVvkKDQBB14boLJbZHeK1fYnDxOQg=="
    },
    "escape-string-regexp": {
      "version": "5.0.0",
      "resolved": "https://registry.npmjs.org/escape-string-regexp/-/escape-string-regexp-5.0.0.tgz",
      "integrity": "sha512-/veY75JbMK4j1yjvuUxuVsiS/hr/4iHs9FTT6cgTexxdE0Ly/glccBAkloH/DofkjRbZU3bnoj38mOmhkZ0lHw=="
    },
    "indent-string": {
      "version": "5.0.0",
      "resolved": "https://registry.npmjs.org/indent-string/-/indent-string-5.0.0.tgz",
      "integrity": "sha512-m6FAo/spmsW2Ab2fU35JTYwtOKa2yAwXSwgjSv1TJzh4Mh7mC3lzAOVLBprb72XsTrgkEIsl7YrFNAiDiRhIGg=="
    }
  }
}
